
Microsoft Visual Studio Solution File, Format Version 12.00
# Visual Studio Version 17
VisualStudioVersion = 17.8.34330.188
MinimumVisualStudioVersion = 10.0.40219.1
Project("{FAE04EC0-301F-11D3-BF4B-00C04F79EFBC}") = "CarManagmentSystem", "CarManagmentSystem\CarManagmentSystem.csproj", "{FA2DCE0A-CB34-42BB-8A6C-9A30DFC7DCAA}"
EndProject
Global
	GlobalSection(SolutionConfigurationPlatforms) = preSolution
		Debug|Any CPU = Debug|Any CPU
		Release|Any CPU = Release|Any CPU
	EndGlobalSection
	GlobalSection(ProjectConfigurationPlatforms) = postSolution
		{FA2DCE0A-CB34-42BB-8A6C-9A30DFC7DCAA}.Debug|Any CPU.ActiveCfg = Debug|Any CPU
		{FA2DCE0A-CB34-42BB-8A6C-9A30DFC7DCAA}.Debug|Any CPU.Build.0 = Debug|Any CPU
		{FA2DCE0A-CB34-42BB-8A6C-9A30DFC7DCAA}.Release|Any CPU.ActiveCfg = Release|Any CPU
		{FA2DCE0A-CB34-42BB-8A6C-9A30DFC7DCAA}.Release|Any CPU.Build.0 = Release|Any CPU
	EndGlobalSection
	GlobalSection(SolutionProperties) = preSolution
		HideSolutionNode = FALSE
	EndGlobalSection
	GlobalSection(ExtensibilityGlobals) = postSolution
		SolutionGuid = {AA75E059-35F7-458A-8664-1DA802CB11EC}
	EndGlobalSection
EndGlobal
